
Microsoft Visual Studio Solution File, Format Version 12.00
# Visual Studio Version 16
VisualStudioVersion = 25.0.1705.0
MinimumVisualStudioVersion = 10.0.40219.1
Project("{FAE04EC0-301F-11D3-BF4B-00C04F79EFBC}") = "apitest", "apitest.csproj", "{468E07C5-35BE-4EAA-A5E9-A120EF9616EC}"
EndProject
Global
	GlobalSection(SolutionConfigurationPlatforms) = preSolution
		Debug|Any CPU = Debug|Any CPU
		Release|Any CPU = Release|Any CPU
	EndGlobalSection
	GlobalSection(ProjectConfigurationPlatforms) = postSolution
		{468E07C5-35BE-4EAA-A5E9-A120EF9616EC}.Debug|Any CPU.ActiveCfg = Debug|Any CPU
		{468E07C5-35BE-4EAA-A5E9-A120EF9616EC}.Debug|Any CPU.Build.0 = Debug|Any CPU
		{468E07C5-35BE-4EAA-A5E9-A120EF9616EC}.Release|Any CPU.ActiveCfg = Release|Any CPU
		{468E07C5-35BE-4EAA-A5E9-A120EF9616EC}.Release|Any CPU.Build.0 = Release|Any CPU
	EndGlobalSection
	GlobalSection(SolutionProperties) = preSolution
		HideSolutionNode = FALSE
	EndGlobalSection
	GlobalSection(ExtensibilityGlobals) = postSolution
		SolutionGuid = {BA9A58B9-349A-4DFB-98DC-0B5764D1BE97}
	EndGlobalSection
EndGlobal
